// !$*UTF8*$!
{
	archiveVersion = 1;
	classes = {
	};
	objectVersion = 56;
	objects = {

/* Begin PBXBuildFile section */
		BC1760C329D98E340037C4CB /* QRScannerSwiftUIApp.swift in Sources */ = {isa = PBXBuildFile; fileRef = BC1760C229D98E340037C4CB /* QRScannerSwiftUIApp.swift */; };
		BC1760C729D98E350037C4CB /* Assets.xcassets in Resources */ = {isa = PBXBuildFile; fileRef = BC1760C629D98E350037C4CB /* Assets.xcassets */; };
		BC1760CA29D98E350037C4CB /* Preview Assets.xcassets in Resources */ = {isa = PBXBuildFile; fileRef = BC1760C929D98E350037C4CB /* Preview Assets.xcassets */; };
		BC1760D229D98F030037C4CB /* CodeScanner in Frameworks */ = {isa = PBXBuildFile; productRef = BC1760D129D98F030037C4CB /* CodeScanner */; };
		BC1760D529D99A240037C4CB /* Lottie in Frameworks */ = {isa = PBXBuildFile; productRef = BC1760D429D99A240037C4CB /* Lottie */; };
		BC1760D729D99D8B0037C4CB /* TabBarView.swift in Sources */ = {isa = PBXBuildFile; fileRef = BC1760D629D99D8B0037C4CB /* TabBarView.swift */; };
		BC1760DB29D99DBF0037C4CB /* QRCodeScannerView.swift in Sources */ = {isa = PBXBuildFile; fileRef = BC1760DA29D99DBF0037C4CB /* QRCodeScannerView.swift */; };
		BC1760DD29D99DCA0037C4CB /* QRCodeGeneratorView.swift in Sources */ = {isa = PBXBuildFile; fileRef = BC1760DC29D99DCA0037C4CB /* QRCodeGeneratorView.swift */; };
		BC1760E029D9DEA00037C4CB /* Onboarding.swift in Sources */ = {isa = PBXBuildFile; fileRef = BC1760DF29D9DEA00037C4CB /* Onboarding.swift */; };
		BC1760E329D9DEE80037C4CB /* LottieView.swift in Sources */ = {isa = PBXBuildFile; fileRef = BC1760E229D9DEE80037C4CB /* LottieView.swift */; };
		BC1760E529D9DF790037C4CB /* QRAnimation.json in Resources */ = {isa = PBXBuildFile; fileRef = BC1760E429D9DF790037C4CB /* QRAnimation.json */; };
/* End PBXBuildFile section */

/* Begin PBXFileReference section */
		BC1760BF29D98E340037C4CB /* QRScannerSwiftUI.app */ = {isa = PBXFileReference; explicitFileType = wrapper.application; includeInIndex = 0; path = QRScannerSwiftUI.app; sourceTree = BUILT_PRODUCTS_DIR; };
		BC1760C229D98E340037C4CB /* QRScannerSwiftUIApp.swift */ = {isa = PBXFileReference; lastKnownFileType = sourcecode.swift; path = QRScannerSwiftUIApp.swift; sourceTree = "<group>"; };
		BC1760C629D98E350037C4CB /* Assets.xcassets */ = {isa = PBXFileReference; lastKnownFileType = folder.assetcatalog; path = Assets.xcassets; sourceTree = "<group>"; };
		BC1760C929D98E350037C4CB /* Preview Assets.xcassets */ = {isa = PBXFileReference; lastKnownFileType = folder.assetcatalog; path = "Preview Assets.xcassets"; sourceTree = "<group>"; };
		BC1760D629D99D8B0037C4CB /* TabBarView.swift */ = {isa = PBXFileReference; lastKnownFileType = sourcecode.swift; path = TabBarView.swift; sourceTree = "<group>"; };
		BC1760DA29D99DBF0037C4CB /* QRCodeScannerView.swift */ = {isa = PBXFileReference; lastKnownFileType = sourcecode.swift; path = QRCodeScannerView.swift; sourceTree = "<group>"; };
		BC1760DC29D99DCA0037C4CB /* QRCodeGeneratorView.swift */ = {isa = PBXFileReference; lastKnownFileType = sourcecode.swift; path = QRCodeGeneratorView.swift; sourceTree = "<group>"; };
		BC1760DF29D9DEA00037C4CB /* Onboarding.swift */ = {isa = PBXFileReference; lastKnownFileType = sourcecode.swift; path = Onboarding.swift; sourceTree = "<group>"; };
		BC1760E229D9DEE80037C4CB /* LottieView.swift */ = {isa = PBXFileReference; lastKnownFileType = sourcecode.swift; path = LottieView.swift; sourceTree = "<group>"; };
		BC1760E429D9DF790037C4CB /* QRAnimation.json */ = {isa = PBXFileReference; fileEncoding = 4; lastKnownFileType = text.json; path = QRAnimation.json; sourceTree = "<group>"; };
/* End PBXFileReference section */

/* Begin PBXFrameworksBuildPhase section */
		BC1760BC29D98E340037C4CB /* Frameworks */ = {
			isa = PBXFrameworksBuildPhase;
			buildActionMask = 2147483647;
			files = (
				BC1760D229D98F030037C4CB /* CodeScanner in Frameworks */,
				BC1760D529D99A240037C4CB /* Lottie in Frameworks */,
			);
			runOnlyForDeploymentPostprocessing = 0;
		};
/* End PBXFrameworksBuildPhase section */

/* Begin PBXGroup section */
		BC1760B629D98E340037C4CB = {
			isa = PBXGroup;
			children = (
				BC1760C129D98E340037C4CB /* QRScannerSwiftUI */,
				BC1760C029D98E340037C4CB /* Products */,
			);
			sourceTree = "<group>";
		};
		BC1760C029D98E340037C4CB /* Products */ = {
			isa = PBXGroup;
			children = (
				BC1760BF29D98E340037C4CB /* QRScannerSwiftUI.app */,
			);
			name = Products;
			sourceTree = "<group>";
		};
		BC1760C129D98E340037C4CB /* QRScannerSwiftUI */ = {
			isa = PBXGroup;
			children = (
				BC1760E429D9DF790037C4CB /* QRAnimation.json */,
				BC1760D829D99DAD0037C4CB /* Modules */,
				BC1760C229D98E340037C4CB /* QRScannerSwiftUIApp.swift */,
				BC1760C629D98E350037C4CB /* Assets.xcassets */,
				BC1760C829D98E350037C4CB /* Preview Content */,
			);
			path = QRScannerSwiftUI;
			sourceTree = "<group>";
		};
		BC1760C829D98E350037C4CB /* Preview Content */ = {
			isa = PBXGroup;
			children = (
				BC1760C929D98E350037C4CB /* Preview Assets.xcassets */,
			);
			path = "Preview Content";
			sourceTree = "<group>";
		};
		BC1760D829D99DAD0037C4CB /* Modules */ = {
			isa = PBXGroup;
			children = (
				BC1760E129D9DEDA0037C4CB /* Onboarding */,
				BC1760D629D99D8B0037C4CB /* TabBarView.swift */,
				BC1760D929D99DB50037C4CB /* Screens */,
			);
			path = Modules;
			sourceTree = "<group>";
		};
		BC1760D929D99DB50037C4CB /* Screens */ = {
			isa = PBXGroup;
			children = (
				BC1760DA29D99DBF0037C4CB /* QRCodeScannerView.swift */,
				BC1760DC29D99DCA0037C4CB /* QRCodeGeneratorView.swift */,
			);
			path = Screens;
			sourceTree = "<group>";
		};
		BC1760E129D9DEDA0037C4CB /* Onboarding */ = {
			isa = PBXGroup;
			children = (
				BC1760DF29D9DEA00037C4CB /* Onboarding.swift */,
				BC1760E229D9DEE80037C4CB /* LottieView.swift */,
			);
			path = Onboarding;
			sourceTree = "<group>";
		};
/* End PBXGroup section */

/* Begin PBXNativeTarget section */
		BC1760BE29D98E340037C4CB /* QRScannerSwiftUI */ = {
			isa = PBXNativeTarget;
			buildConfigurationList = BC1760CD29D98E350037C4CB /* Build configuration list for PBXNativeTarget "QRScannerSwiftUI" */;
			buildPhases = (
				BC1760BB29D98E340037C4CB /* Sources */,
				BC1760BC29D98E340037C4CB /* Frameworks */,
				BC1760BD29D98E340037C4CB /* Resources */,
			);
			buildRules = (
			);
			dependencies = (
			);
			name = QRScannerSwiftUI;
			packageProductDependencies = (
				BC1760D129D98F030037C4CB /* CodeScanner */,
				BC1760D429D99A240037C4CB /* Lottie */,
			);
			productName = QRScannerSwiftUI;
			productReference = BC1760BF29D98E340037C4CB /* QRScannerSwiftUI.app */;
			productType = "com.apple.product-type.application";
		};
/* End PBXNativeTarget section */

/* Begin PBXProject section */
		BC1760B729D98E340037C4CB /* Project object */ = {
			isa = PBXProject;
			attributes = {
				BuildIndependentTargetsInParallel = 1;
				LastSwiftUpdateCheck = 1420;
				LastUpgradeCheck = 1420;
				TargetAttributes = {
					BC1760BE29D98E340037C4CB = {
						CreatedOnToolsVersion = 14.2;
					};
				};
			};
			buildConfigurationList = BC1760BA29D98E340037C4CB /* Build configuration list for PBXProject "QRScannerSwiftUI" */;
			compatibilityVersion = "Xcode 14.0";
			developmentRegion = en;
			hasScannedForEncodings = 0;
			knownRegions = (
				en,
				Base,
			);
			mainGroup = BC1760B629D98E340037C4CB;
			packageReferences = (
				BC1760D029D98F030037C4CB /* XCRemoteSwiftPackageReference "CodeScanner" */,
				BC1760D329D99A240037C4CB /* XCRemoteSwiftPackageReference "lottie-spm" */,
			);
			productRefGroup = BC1760C029D98E340037C4CB /* Products */;
			projectDirPath = "";
			projectRoot = "";
			targets = (
				BC1760BE29D98E340037C4CB /* QRScannerSwiftUI */,
			);
		};
/* End PBXProject section */

/* Begin PBXResourcesBuildPhase section */
		BC1760BD29D98E340037C4CB /* Resources */ = {
			isa = PBXResourcesBuildPhase;
			buildActionMask = 2147483647;
			files = (
				BC1760CA29D98E350037C4CB /* Preview Assets.xcassets in Resources */,
				BC1760E529D9DF790037C4CB /* QRAnimation.json in Resources */,
				BC1760C729D98E350037C4CB /* Assets.xcassets in Resources */,
			);
			runOnlyForDeploymentPostprocessing = 0;
		};
/* End PBXResourcesBuildPhase section */

/* Begin PBXSourcesBuildPhase section */
		BC1760BB29D98E340037C4CB /* Sources */ = {
			isa = PBXSourcesBuildPhase;
			buildActionMask = 2147483647;
			files = (
				BC1760DD29D99DCA0037C4CB /* QRCodeGeneratorView.swift in Sources */,
				BC1760DB29D99DBF0037C4CB /* QRCodeScannerView.swift in Sources */,
				BC1760E029D9DEA00037C4CB /* Onboarding.swift in Sources */,
				BC1760D729D99D8B0037C4CB /* TabBarView.swift in Sources */,
				BC1760C329D98E340037C4CB /* QRScannerSwiftUIApp.swift in Sources */,
				BC1760E329D9DEE80037C4CB /* LottieView.swift in Sources */,
			);
			runOnlyForDeploymentPostprocessing = 0;
		};
/* End PBXSourcesBuildPhase section */

/* Begin XCBuildConfiguration section */
		BC1760CB29D98E350037C4CB /* Debug */ = {
			isa = XCBuildConfiguration;
			buildSettings = {
				ALWAYS_SEARCH_USER_PATHS = NO;
				CLANG_ANALYZER_NONNULL = YES;
				CLANG_ANALYZER_NUMBER_OBJECT_CONVERSION = YES_AGGRESSIVE;
				CLANG_CXX_LANGUAGE_STANDARD = "gnu++20";
				CLANG_ENABLE_MODULES = YES;
				CLANG_ENABLE_OBJC_ARC = YES;
				CLANG_ENABLE_OBJC_WEAK = YES;
				CLANG_WARN_BLOCK_CAPTURE_AUTORELEASING = YES;
				CLANG_WARN_BOOL_CONVERSION = YES;
				CLANG_WARN_COMMA = YES;
				CLANG_WARN_CONSTANT_CONVERSION = YES;
				CLANG_WARN_DEPRECATED_OBJC_IMPLEMENTATIONS = YES;
				CLANG_WARN_DIRECT_OBJC_ISA_USAGE = YES_ERROR;
				CLANG_WARN_DOCUMENTATION_COMMENTS = YES;
				CLANG_WARN_EMPTY_BODY = YES;
				CLANG_WARN_ENUM_CONVERSION = YES;
				CLANG_WARN_INFINITE_RECURSION = YES;
				CLANG_WARN_INT_CONVERSION = YES;
				CLANG_WARN_NON_LITERAL_NULL_CONVERSION = YES;
				CLANG_WARN_OBJC_IMPLICIT_RETAIN_SELF = YES;
				CLANG_WARN_OBJC_LITERAL_CONVERSION = YES;
				CLANG_WARN_OBJC_ROOT_CLASS = YES_ERROR;
				CLANG_WARN_QUOTED_INCLUDE_IN_FRAMEWORK_HEADER = YES;
				CLANG_WARN_RANGE_LOOP_ANALYSIS = YES;
				CLANG_WARN_STRICT_PROTOTYPES = YES;
				CLANG_WARN_SUSPICIOUS_MOVE = YES;
				CLANG_WARN_UNGUARDED_AVAILABILITY = YES_AGGRESSIVE;
				CLANG_WARN_UNREACHABLE_CODE = YES;
				CLANG_WARN__DUPLICATE_METHOD_MATCH = YES;
				COPY_PHASE_STRIP = NO;
				DEBUG_INFORMATION_FORMAT = dwarf;
				ENABLE_STRICT_OBJC_MSGSEND = YES;
				ENABLE_TESTABILITY = YES;
				GCC_C_LANGUAGE_STANDARD = gnu11;
				GCC_DYNAMIC_NO_PIC = NO;
				GCC_NO_COMMON_BLOCKS = YES;
				GCC_OPTIMIZATION_LEVEL = 0;
				GCC_PREPROCESSOR_DEFINITIONS = (
					"DEBUG=1",
					"$(inherited)",
				);
				GCC_WARN_64_TO_32_BIT_CONVERSION = YES;
				GCC_WARN_ABOUT_RETURN_TYPE = YES_ERROR;
				GCC_WARN_UNDECLARED_SELECTOR = YES;
				GCC_WARN_UNINITIALIZED_AUTOS = YES_AGGRESSIVE;
				GCC_WARN_UNUSED_FUNCTION = YES;
				GCC_WARN_UNUSED_VARIABLE = YES;
				IPHONEOS_DEPLOYMENT_TARGET = 15.0;
				MTL_ENABLE_DEBUG_INFO = INCLUDE_SOURCE;
				MTL_FAST_MATH = YES;
				ONLY_ACTIVE_ARCH = YES;
				SDKROOT = iphoneos;
				SWIFT_ACTIVE_COMPILATION_CONDITIONS = DEBUG;
				SWIFT_OPTIMIZATION_LEVEL = "-Onone";
			};
			name = Debug;
		};
		BC1760CC29D98E350037C4CB /* Release */ = {
			isa = XCBuildConfiguration;
			buildSettings = {
				ALWAYS_SEARCH_USER_PATHS = NO;
				CLANG_ANALYZER_NONNULL = YES;
				CLANG_ANALYZER_NUMBER_OBJECT_CONVERSION = YES_AGGRESSIVE;
				CLANG_CXX_LANGUAGE_STANDARD = "gnu++20";
				CLANG_ENABLE_MODULES = YES;
				CLANG_ENABLE_OBJC_ARC = YES;
				CLANG_ENABLE_OBJC_WEAK = YES;
				CLANG_WARN_BLOCK_CAPTURE_AUTORELEASING = YES;
				CLANG_WARN_BOOL_CONVERSION = YES;
				CLANG_WARN_COMMA = YES;
				CLANG_WARN_CONSTANT_CONVERSION = YES;
				CLANG_WARN_DEPRECATED_OBJC_IMPLEMENTATIONS = YES;
				CLANG_WARN_DIRECT_OBJC_ISA_USAGE = YES_ERROR;
				CLANG_WARN_DOCUMENTATION_COMMENTS = YES;
				CLANG_WARN_EMPTY_BODY = YES;
				CLANG_WARN_ENUM_CONVERSION = YES;
				CLANG_WARN_INFINITE_RECURSION = YES;
				CLANG_WARN_INT_CONVERSION = YES;
				CLANG_WARN_NON_LITERAL_NULL_CONVERSION = YES;
				CLANG_WARN_OBJC_IMPLICIT_RETAIN_SELF = YES;
				CLANG_WARN_OBJC_LITERAL_CONVERSION = YES;
				CLANG_WARN_OBJC_ROOT_CLASS = YES_ERROR;
				CLANG_WARN_QUOTED_INCLUDE_IN_FRAMEWORK_HEADER = YES;
				CLANG_WARN_RANGE_LOOP_ANALYSIS = YES;
				CLANG_WARN_STRICT_PROTOTYPES = YES;
				CLANG_WARN_SUSPICIOUS_MOVE = YES;
				CLANG_WARN_UNGUARDED_AVAILABILITY = YES_AGGRESSIVE;
				CLANG_WARN_UNREACHABLE_CODE = YES;
				CLANG_WARN__DUPLICATE_METHOD_MATCH = YES;
				COPY_PHASE_STRIP = NO;
				DEBUG_INFORMATION_FORMAT = "dwarf-with-dsym";
				ENABLE_NS_ASSERTIONS = NO;
				ENABLE_STRICT_OBJC_MSGSEND = YES;
				GCC_C_LANGUAGE_STANDARD = gnu11;
				GCC_NO_COMMON_BLOCKS = YES;
				GCC_WARN_64_TO_32_BIT_CONVERSION = YES;
				GCC_WARN_ABOUT_RETURN_TYPE = YES_ERROR;
				GCC_WARN_UNDECLARED_SELECTOR = YES;
				GCC_WARN_UNINITIALIZED_AUTOS = YES_AGGRESSIVE;
				GCC_WARN_UNUSED_FUNCTION = YES;
				GCC_WARN_UNUSED_VARIABLE = YES;
				IPHONEOS_DEPLOYMENT_TARGET = 15.0;
				MTL_ENABLE_DEBUG_INFO = NO;
				MTL_FAST_MATH = YES;
				SDKROOT = iphoneos;
				SWIFT_COMPILATION_MODE = wholemodule;
				SWIFT_OPTIMIZATION_LEVEL = "-O";
				VALIDATE_PRODUCT = YES;
			};
			name = Release;
		};
		BC1760CE29D98E350037C4CB /* Debug */ = {
			isa = XCBuildConfiguration;
			buildSettings = {
				ASSETCATALOG_COMPILER_APPICON_NAME = AppIcon;
				ASSETCATALOG_COMPILER_GLOBAL_ACCENT_COLOR_NAME = AccentColor;
				CODE_SIGN_STYLE = Automatic;
				CURRENT_PROJECT_VERSION = 1;
				DEVELOPMENT_ASSET_PATHS = "\"QRScannerSwiftUI/Preview Content\"";
				DEVELOPMENT_TEAM = QHYXVGKS7V;
				ENABLE_PREVIEWS = YES;
				GENERATE_INFOPLIST_FILE = YES;
				INFOPLIST_KEY_NSCameraUsageDescription = "We need your access to scan QR codes.";
				INFOPLIST_KEY_UIApplicationSceneManifest_Generation = YES;
				INFOPLIST_KEY_UIApplicationSupportsIndirectInputEvents = YES;
				INFOPLIST_KEY_UILaunchScreen_Generation = YES;
				INFOPLIST_KEY_UISupportedInterfaceOrientations_iPad = "UIInterfaceOrientationPortrait UIInterfaceOrientationPortraitUpsideDown UIInterfaceOrientationLandscapeLeft UIInterfaceOrientationLandscapeRight";
				INFOPLIST_KEY_UISupportedInterfaceOrientations_iPhone = "UIInterfaceOrientationPortrait UIInterfaceOrientationLandscapeLeft UIInterfaceOrientationLandscapeRight";
				LD_RUNPATH_SEARCH_PATHS = (
					"$(inherited)",
					"@executable_path/Frameworks",
				);
				MARKETING_VERSION = 1.0;
				PRODUCT_BUNDLE_IDENTIFIER = com.cenkbahadircark.QRScannerSwiftUI;
				PRODUCT_NAME = "$(TARGET_NAME)";
				SWIFT_EMIT_LOC_STRINGS = YES;
				SWIFT_VERSION = 5.0;
				TARGETED_DEVICE_FAMILY = "1,2";
			};
			name = Debug;
		};
		BC1760CF29D98E350037C4CB /* Release */ = {
			isa = XCBuildConfiguration;
			buildSettings = {
				ASSETCATALOG_COMPILER_APPICON_NAME = AppIcon;
				ASSETCATALOG_COMPILER_GLOBAL_ACCENT_COLOR_NAME = AccentColor;
				CODE_SIGN_STYLE = Automatic;
				CURRENT_PROJECT_VERSION = 1;
				DEVELOPMENT_ASSET_PATHS = "\"QRScannerSwiftUI/Preview Content\"";
				DEVELOPMENT_TEAM = QHYXVGKS7V;
				ENABLE_PREVIEWS = YES;
				GENERATE_INFOPLIST_FILE = YES;
				INFOPLIST_KEY_NSCameraUsageDescription = "We need your access to scan QR codes.";
				INFOPLIST_KEY_UIApplicationSceneManifest_Generation = YES;
				INFOPLIST_KEY_UIApplicationSupportsIndirectInputEvents = YES;
				INFOPLIST_KEY_UILaunchScreen_Generation = YES;
				INFOPLIST_KEY_UISupportedInterfaceOrientations_iPad = "UIInterfaceOrientationPortrait UIInterfaceOrientationPortraitUpsideDown UIInterfaceOrientationLandscapeLeft UIInterfaceOrientationLandscapeRight";
				INFOPLIST_KEY_UISupportedInterfaceOrientations_iPhone = "UIInterfaceOrientationPortrait UIInterfaceOrientationLandscapeLeft UIInterfaceOrientationLandscapeRight";
				LD_RUNPATH_SEARCH_PATHS = (
					"$(inherited)",
					"@executable_path/Frameworks",
				);
				MARKETING_VERSION = 1.0;
				PRODUCT_BUNDLE_IDENTIFIER = com.cenkbahadircark.QRScannerSwiftUI;
				PRODUCT_NAME = "$(TARGET_NAME)";
				SWIFT_EMIT_LOC_STRINGS = YES;
				SWIFT_VERSION = 5.0;
				TARGETED_DEVICE_FAMILY = "1,2";
			};
			name = Release;
		};
/* End XCBuildConfiguration section */

/* Begin XCConfigurationList section */
		BC1760BA29D98E340037C4CB /* Build configuration list for PBXProject "QRScannerSwiftUI" */ = {
			isa = XCConfigurationList;
			buildConfigurations = (
				BC1760CB29D98E350037C4CB /* Debug */,
				BC1760CC29D98E350037C4CB /* Release */,
			);
			defaultConfigurationIsVisible = 0;
			defaultConfigurationName = Release;
		};
		BC1760CD29D98E350037C4CB /* Build configuration list for PBXNativeTarget "QRScannerSwiftUI" */ = {
			isa = XCConfigurationList;
			buildConfigurations = (
				BC1760CE29D98E350037C4CB /* Debug */,
				BC1760CF29D98E350037C4CB /* Release */,
			);
			defaultConfigurationIsVisible = 0;
			defaultConfigurationName = Release;
		};
/* End XCConfigurationList section */

/* Begin XCRemoteSwiftPackageReference section */
		BC1760D029D98F030037C4CB /* XCRemoteSwiftPackageReference "CodeScanner" */ = {
			isa = XCRemoteSwiftPackageReference;
			repositoryURL = "https://github.com/twostraws/CodeScanner";
			requirement = {
				kind = upToNextMajorVersion;
				minimumVersion = 2.0.0;
			};
		};
		BC1760D329D99A240037C4CB /* XCRemoteSwiftPackageReference "lottie-spm" */ = {
			isa = XCRemoteSwiftPackageReference;
			repositoryURL = "https://github.com/airbnb/lottie-spm.git";
			requirement = {
				kind = upToNextMajorVersion;
				minimumVersion = 4.0.0;
			};
		};
/* End XCRemoteSwiftPackageReference section */

/* Begin XCSwiftPackageProductDependency section */
		BC1760D129D98F030037C4CB /* CodeScanner */ = {
			isa = XCSwiftPackageProductDependency;
			package = BC1760D029D98F030037C4CB /* XCRemoteSwiftPackageReference "CodeScanner" */;
			productName = CodeScanner;
		};
		BC1760D429D99A240037C4CB /* Lottie */ = {
			isa = XCSwiftPackageProductDependency;
			package = BC1760D329D99A240037C4CB /* XCRemoteSwiftPackageReference "lottie-spm" */;
			productName = Lottie;
		};
/* End XCSwiftPackageProductDependency section */
	};
	rootObject = BC1760B729D98E340037C4CB /* Project object */;
}
